
Microsoft Visual Studio Solution File, Format Version 12.00
# Visual Studio 14
VisualStudioVersion = 14.0.25420.1
MinimumVisualStudioVersion = 10.0.40219.1
Project("{FAE04EC0-301F-11D3-BF4B-00C04F79EFBC}") = "RecordingEyeGaze", "RecordingEyeGaze\RecordingEyeGaze.csproj", "{C74ED407-0E7B-44B4-AD2F-3FBB1911C6AD}"
EndProject
Project("{FAE04EC0-301F-11D3-BF4B-00C04F79EFBC}") = "AnalyzingEyeGaze", "..\ReadingEyeGaze\AnalyzingEyeGaze.csproj", "{0D7C8217-C11E-4467-AA48-4CC7918393BB}"
EndProject
Project("{FAE04EC0-301F-11D3-BF4B-00C04F79EFBC}") = "RealTimeDemo", "..\Displaying\RealTimeDemo.csproj", "{4662730E-1ED3-4EA8-9417-3C20AC19C739}"
EndProject
Project("{FAE04EC0-301F-11D3-BF4B-00C04F79EFBC}") = "ComparingEyeGaze", "..\ComparingEyeGaze\ComparingEyeGaze.csproj", "{98729E9C-C387-4417-893A-BA77C48546ED}"
EndProject
Project("{FAE04EC0-301F-11D3-BF4B-00C04F79EFBC}") = "PrivateReading", "..\PrivateReading\PrivateReading.csproj", "{DF1D1827-2A30-4460-B2F8-6589C265CA81}"
EndProject
Project("{FAE04EC0-301F-11D3-BF4B-00C04F79EFBC}") = "GroundTruth", "..\GroundTruth\GroundTruth.csproj", "{1E3E3A01-690F-451B-812F-893A8FA2C6A0}"
EndProject
Project("{FAE04EC0-301F-11D3-BF4B-00C04F79EFBC}") = "Retrieval", "..\Retrieval\Retrieval.csproj", "{14428AE3-D75A-4FE7-B6C5-FEA9F3A5F6D3}"
EndProject
Project("{FAE04EC0-301F-11D3-BF4B-00C04F79EFBC}") = "TagCloud", "TagCloud\TagCloud.csproj", "{DE95DF77-A682-4EA5-B22A-7D8F50EE8FD0}"
EndProject
Project("{FAE04EC0-301F-11D3-BF4B-00C04F79EFBC}") = "SpeedMeter", "..\SpeedMeter\SpeedMeter.csproj", "{2A72B910-F7C2-463E-B047-E9F0C1C31356}"
EndProject
Project("{2150E333-8FDC-42A3-9474-1A3956D46DE8}") = "Solution Items", "Solution Items", "{081F11B4-F917-4582-8879-4891CB76BC76}"
	ProjectSection(SolutionItems) = preProject
		..\EyeXFramework.dll = ..\EyeXFramework.dll
		..\Tobii.EyeX.Client.dll = ..\Tobii.EyeX.Client.dll
		..\Tobii.EyeX.Client.Net20.dll = ..\Tobii.EyeX.Client.Net20.dll
	EndProjectSection
EndProject
Project("{FAE04EC0-301F-11D3-BF4B-00C04F79EFBC}") = "FixationAlignment", "FixationAlignment\FixationAlignment.csproj", "{B65EB5F2-A554-4CF8-89D2-E99CD1E61C53}"
EndProject
Project("{FAE04EC0-301F-11D3-BF4B-00C04F79EFBC}") = "ReaderRetrieval", "..\ReaderRetrieval\ReaderRetrieval.csproj", "{8CCEB808-33F5-4F95-B70B-1FDB3A56401C}"
EndProject
Project("{FAE04EC0-301F-11D3-BF4B-00C04F79EFBC}") = "ConvertShoyaRecordings", "ConvertShoyaRecordings\ConvertShoyaRecordings.csproj", "{4A9532ED-7FFF-4514-B0C5-AF93CF5CD457}"
EndProject
Project("{FAE04EC0-301F-11D3-BF4B-00C04F79EFBC}") = "Heatmap", "Heatmap\Heatmap.csproj", "{5C14EC96-4B2D-4BC0-AD6E-CA3558BDE50B}"
EndProject
Project("{FAE04EC0-301F-11D3-BF4B-00C04F79EFBC}") = "MCQ-TOEIC", "MCQ-TOEIC\MCQ-TOEIC.csproj", "{DBE481B0-78D3-4ACE-9407-9BB9ED809F24}"
EndProject
Project("{FAE04EC0-301F-11D3-BF4B-00C04F79EFBC}") = "ReadingVSNotReading", "ReadingVSNotReading\ReadingVSNotReading.csproj", "{F05A56FF-E99F-4D62-9827-DBEB8FB15DAB}"
EndProject
Project("{FAE04EC0-301F-11D3-BF4B-00C04F79EFBC}") = "JinsTest", "..\JinsDemo\JinsTest\JinsTest.csproj", "{EB849749-982C-403C-8B2C-A66389CDBE7D}"
EndProject
Project("{FAE04EC0-301F-11D3-BF4B-00C04F79EFBC}") = "ModelUtpal", "ModelUtpal\ModelUtpal.csproj", "{E3A21E32-36AD-45BA-A1C1-068E697DEC0D}"
EndProject
Global
	GlobalSection(SolutionConfigurationPlatforms) = preSolution
		Debug|Any CPU = Debug|Any CPU
		Debug|Mixed Platforms = Debug|Mixed Platforms
		Debug|Win32 = Debug|Win32
		Debug|x64 = Debug|x64
		Debug|x86 = Debug|x86
		Release|Any CPU = Release|Any CPU
		Release|Mixed Platforms = Release|Mixed Platforms
		Release|Win32 = Release|Win32
		Release|x64 = Release|x64
		Release|x86 = Release|x86
	EndGlobalSection
	GlobalSection(ProjectConfigurationPlatforms) = postSolution
		{C74ED407-0E7B-44B4-AD2F-3FBB1911C6AD}.Debug|Any CPU.ActiveCfg = Debug|Any CPU
		{C74ED407-0E7B-44B4-AD2F-3FBB1911C6AD}.Debug|Any CPU.Build.0 = Debug|Any CPU
		{C74ED407-0E7B-44B4-AD2F-3FBB1911C6AD}.Debug|Mixed Platforms.ActiveCfg = Debug|Any CPU
		{C74ED407-0E7B-44B4-AD2F-3FBB1911C6AD}.Debug|Mixed Platforms.Build.0 = Debug|Any CPU
		{C74ED407-0E7B-44B4-AD2F-3FBB1911C6AD}.Debug|Win32.ActiveCfg = Debug|Any CPU
		{C74ED407-0E7B-44B4-AD2F-3FBB1911C6AD}.Debug|x64.ActiveCfg = Debug|x64
		{C74ED407-0E7B-44B4-AD2F-3FBB1911C6AD}.Debug|x64.Build.0 = Debug|x64
		{C74ED407-0E7B-44B4-AD2F-3FBB1911C6AD}.Debug|x86.ActiveCfg = Debug|Any CPU
		{C74ED407-0E7B-44B4-AD2F-3FBB1911C6AD}.Debug|x86.Build.0 = Debug|Any CPU
		{C74ED407-0E7B-44B4-AD2F-3FBB1911C6AD}.Release|Any CPU.ActiveCfg = Release|Any CPU
		{C74ED407-0E7B-44B4-AD2F-3FBB1911C6AD}.Release|Any CPU.Build.0 = Release|Any CPU
		{C74ED407-0E7B-44B4-AD2F-3FBB1911C6AD}.Release|Mixed Platforms.ActiveCfg = Release|Any CPU
		{C74ED407-0E7B-44B4-AD2F-3FBB1911C6AD}.Release|Mixed Platforms.Build.0 = Release|Any CPU
		{C74ED407-0E7B-44B4-AD2F-3FBB1911C6AD}.Release|Win32.ActiveCfg = Release|Any CPU
		{C74ED407-0E7B-44B4-AD2F-3FBB1911C6AD}.Release|x64.ActiveCfg = Release|x64
		{C74ED407-0E7B-44B4-AD2F-3FBB1911C6AD}.Release|x64.Build.0 = Release|x64
		{C74ED407-0E7B-44B4-AD2F-3FBB1911C6AD}.Release|x86.ActiveCfg = Release|Any CPU
		{0D7C8217-C11E-4467-AA48-4CC7918393BB}.Debug|Any CPU.ActiveCfg = Debug|Any CPU
		{0D7C8217-C11E-4467-AA48-4CC7918393BB}.Debug|Any CPU.Build.0 = Debug|Any CPU
		{0D7C8217-C11E-4467-AA48-4CC7918393BB}.Debug|Mixed Platforms.ActiveCfg = Debug|Any CPU
		{0D7C8217-C11E-4467-AA48-4CC7918393BB}.Debug|Mixed Platforms.Build.0 = Debug|Any CPU
		{0D7C8217-C11E-4467-AA48-4CC7918393BB}.Debug|Win32.ActiveCfg = Debug|x86
		{0D7C8217-C11E-4467-AA48-4CC7918393BB}.Debug|Win32.Build.0 = Debug|x86
		{0D7C8217-C11E-4467-AA48-4CC7918393BB}.Debug|x64.ActiveCfg = Debug|x64
		{0D7C8217-C11E-4467-AA48-4CC7918393BB}.Debug|x64.Build.0 = Debug|x64
		{0D7C8217-C11E-4467-AA48-4CC7918393BB}.Debug|x86.ActiveCfg = Debug|x86
		{0D7C8217-C11E-4467-AA48-4CC7918393BB}.Debug|x86.Build.0 = Debug|x86
		{0D7C8217-C11E-4467-AA48-4CC7918393BB}.Release|Any CPU.ActiveCfg = Release|Any CPU
		{0D7C8217-C11E-4467-AA48-4CC7918393BB}.Release|Any CPU.Build.0 = Release|Any CPU
		{0D7C8217-C11E-4467-AA48-4CC7918393BB}.Release|Mixed Platforms.ActiveCfg = Release|x86
		{0D7C8217-C11E-4467-AA48-4CC7918393BB}.Release|Mixed Platforms.Build.0 = Release|x86
		{0D7C8217-C11E-4467-AA48-4CC7918393BB}.Release|Win32.ActiveCfg = Release|x86
		{0D7C8217-C11E-4467-AA48-4CC7918393BB}.Release|Win32.Build.0 = Release|x86
		{0D7C8217-C11E-4467-AA48-4CC7918393BB}.Release|x64.ActiveCfg = Release|x64
		{0D7C8217-C11E-4467-AA48-4CC7918393BB}.Release|x64.Build.0 = Release|x64
		{0D7C8217-C11E-4467-AA48-4CC7918393BB}.Release|x86.ActiveCfg = Release|x86
		{0D7C8217-C11E-4467-AA48-4CC7918393BB}.Release|x86.Build.0 = Release|x86
		{4662730E-1ED3-4EA8-9417-3C20AC19C739}.Debug|Any CPU.ActiveCfg = Debug|Any CPU
		{4662730E-1ED3-4EA8-9417-3C20AC19C739}.Debug|Any CPU.Build.0 = Debug|Any CPU
		{4662730E-1ED3-4EA8-9417-3C20AC19C739}.Debug|Mixed Platforms.ActiveCfg = Debug|Any CPU
		{4662730E-1ED3-4EA8-9417-3C20AC19C739}.Debug|Mixed Platforms.Build.0 = Debug|Any CPU
		{4662730E-1ED3-4EA8-9417-3C20AC19C739}.Debug|Win32.ActiveCfg = Debug|Any CPU
		{4662730E-1ED3-4EA8-9417-3C20AC19C739}.Debug|x64.ActiveCfg = Debug|x64
		{4662730E-1ED3-4EA8-9417-3C20AC19C739}.Debug|x64.Build.0 = Debug|x64
		{4662730E-1ED3-4EA8-9417-3C20AC19C739}.Debug|x86.ActiveCfg = Debug|Any CPU
		{4662730E-1ED3-4EA8-9417-3C20AC19C739}.Release|Any CPU.ActiveCfg = Release|Any CPU
		{4662730E-1ED3-4EA8-9417-3C20AC19C739}.Release|Any CPU.Build.0 = Release|Any CPU
		{4662730E-1ED3-4EA8-9417-3C20AC19C739}.Release|Mixed Platforms.ActiveCfg = Release|Any CPU
		{4662730E-1ED3-4EA8-9417-3C20AC19C739}.Release|Mixed Platforms.Build.0 = Release|Any CPU
		{4662730E-1ED3-4EA8-9417-3C20AC19C739}.Release|Win32.ActiveCfg = Release|Any CPU
		{4662730E-1ED3-4EA8-9417-3C20AC19C739}.Release|x64.ActiveCfg = Release|x64
		{4662730E-1ED3-4EA8-9417-3C20AC19C739}.Release|x64.Build.0 = Release|x64
		{4662730E-1ED3-4EA8-9417-3C20AC19C739}.Release|x86.ActiveCfg = Release|Any CPU
		{98729E9C-C387-4417-893A-BA77C48546ED}.Debug|Any CPU.ActiveCfg = Debug|Any CPU
		{98729E9C-C387-4417-893A-BA77C48546ED}.Debug|Any CPU.Build.0 = Debug|Any CPU
		{98729E9C-C387-4417-893A-BA77C48546ED}.Debug|Mixed Platforms.ActiveCfg = Debug|Any CPU
		{98729E9C-C387-4417-893A-BA77C48546ED}.Debug|Mixed Platforms.Build.0 = Debug|Any CPU
		{98729E9C-C387-4417-893A-BA77C48546ED}.Debug|Win32.ActiveCfg = Debug|Any CPU
		{98729E9C-C387-4417-893A-BA77C48546ED}.Debug|x64.ActiveCfg = Debug|x64
		{98729E9C-C387-4417-893A-BA77C48546ED}.Debug|x64.Build.0 = Debug|x64
		{98729E9C-C387-4417-893A-BA77C48546ED}.Debug|x86.ActiveCfg = Debug|Any CPU
		{98729E9C-C387-4417-893A-BA77C48546ED}.Release|Any CPU.ActiveCfg = Release|Any CPU
		{98729E9C-C387-4417-893A-BA77C48546ED}.Release|Any CPU.Build.0 = Release|Any CPU
		{98729E9C-C387-4417-893A-BA77C48546ED}.Release|Mixed Platforms.ActiveCfg = Release|Any CPU
		{98729E9C-C387-4417-893A-BA77C48546ED}.Release|Mixed Platforms.Build.0 = Release|Any CPU
		{98729E9C-C387-4417-893A-BA77C48546ED}.Release|Win32.ActiveCfg = Release|Any CPU
		{98729E9C-C387-4417-893A-BA77C48546ED}.Release|x64.ActiveCfg = Release|x64
		{98729E9C-C387-4417-893A-BA77C48546ED}.Release|x64.Build.0 = Release|x64
		{98729E9C-C387-4417-893A-BA77C48546ED}.Release|x86.ActiveCfg = Release|Any CPU
		{DF1D1827-2A30-4460-B2F8-6589C265CA81}.Debug|Any CPU.ActiveCfg = Debug|Any CPU
		{DF1D1827-2A30-4460-B2F8-6589C265CA81}.Debug|Any CPU.Build.0 = Debug|Any CPU
		{DF1D1827-2A30-4460-B2F8-6589C265CA81}.Debug|Mixed Platforms.ActiveCfg = Debug|Any CPU
		{DF1D1827-2A30-4460-B2F8-6589C265CA81}.Debug|Mixed Platforms.Build.0 = Debug|Any CPU
		{DF1D1827-2A30-4460-B2F8-6589C265CA81}.Debug|Win32.ActiveCfg = Debug|Any CPU
		{DF1D1827-2A30-4460-B2F8-6589C265CA81}.Debug|x64.ActiveCfg = Debug|x64
		{DF1D1827-2A30-4460-B2F8-6589C265CA81}.Debug|x64.Build.0 = Debug|x64
		{DF1D1827-2A30-4460-B2F8-6589C265CA81}.Debug|x86.ActiveCfg = Debug|Any CPU
		{DF1D1827-2A30-4460-B2F8-6589C265CA81}.Release|Any CPU.ActiveCfg = Release|Any CPU
		{DF1D1827-2A30-4460-B2F8-6589C265CA81}.Release|Any CPU.Build.0 = Release|Any CPU
		{DF1D1827-2A30-4460-B2F8-6589C265CA81}.Release|Mixed Platforms.ActiveCfg = Release|Any CPU
		{DF1D1827-2A30-4460-B2F8-6589C265CA81}.Release|Mixed Platforms.Build.0 = Release|Any CPU
		{DF1D1827-2A30-4460-B2F8-6589C265CA81}.Release|Win32.ActiveCfg = Release|Any CPU
		{DF1D1827-2A30-4460-B2F8-6589C265CA81}.Release|x64.ActiveCfg = Release|x64
		{DF1D1827-2A30-4460-B2F8-6589C265CA81}.Release|x64.Build.0 = Release|x64
		{DF1D1827-2A30-4460-B2F8-6589C265CA81}.Release|x86.ActiveCfg = Release|Any CPU
		{1E3E3A01-690F-451B-812F-893A8FA2C6A0}.Debug|Any CPU.ActiveCfg = Debug|Any CPU
		{1E3E3A01-690F-451B-812F-893A8FA2C6A0}.Debug|Any CPU.Build.0 = Debug|Any CPU
		{1E3E3A01-690F-451B-812F-893A8FA2C6A0}.Debug|Mixed Platforms.ActiveCfg = Debug|Any CPU
		{1E3E3A01-690F-451B-812F-893A8FA2C6A0}.Debug|Mixed Platforms.Build.0 = Debug|Any CPU
		{1E3E3A01-690F-451B-812F-893A8FA2C6A0}.Debug|Win32.ActiveCfg = Debug|Any CPU
		{1E3E3A01-690F-451B-812F-893A8FA2C6A0}.Debug|x64.ActiveCfg = Debug|x64
		{1E3E3A01-690F-451B-812F-893A8FA2C6A0}.Debug|x64.Build.0 = Debug|x64
		{1E3E3A01-690F-451B-812F-893A8FA2C6A0}.Debug|x86.ActiveCfg = Debug|Any CPU
		{1E3E3A01-690F-451B-812F-893A8FA2C6A0}.Release|Any CPU.ActiveCfg = Release|Any CPU
		{1E3E3A01-690F-451B-812F-893A8FA2C6A0}.Release|Any CPU.Build.0 = Release|Any CPU
		{1E3E3A01-690F-451B-812F-893A8FA2C6A0}.Release|Mixed Platforms.ActiveCfg = Release|Any CPU
		{1E3E3A01-690F-451B-812F-893A8FA2C6A0}.Release|Mixed Platforms.Build.0 = Release|Any CPU
		{1E3E3A01-690F-451B-812F-893A8FA2C6A0}.Release|Win32.ActiveCfg = Release|Any CPU
		{1E3E3A01-690F-451B-812F-893A8FA2C6A0}.Release|x64.ActiveCfg = Release|x64
		{1E3E3A01-690F-451B-812F-893A8FA2C6A0}.Release|x64.Build.0 = Release|x64
		{1E3E3A01-690F-451B-812F-893A8FA2C6A0}.Release|x86.ActiveCfg = Release|Any CPU
		{14428AE3-D75A-4FE7-B6C5-FEA9F3A5F6D3}.Debug|Any CPU.ActiveCfg = Debug|Any CPU
		{14428AE3-D75A-4FE7-B6C5-FEA9F3A5F6D3}.Debug|Any CPU.Build.0 = Debug|Any CPU
		{14428AE3-D75A-4FE7-B6C5-FEA9F3A5F6D3}.Debug|Mixed Platforms.ActiveCfg = Debug|Any CPU
		{14428AE3-D75A-4FE7-B6C5-FEA9F3A5F6D3}.Debug|Mixed Platforms.Build.0 = Debug|Any CPU
		{14428AE3-D75A-4FE7-B6C5-FEA9F3A5F6D3}.Debug|Win32.ActiveCfg = Debug|Any CPU
		{14428AE3-D75A-4FE7-B6C5-FEA9F3A5F6D3}.Debug|x64.ActiveCfg = Debug|x64
		{14428AE3-D75A-4FE7-B6C5-FEA9F3A5F6D3}.Debug|x64.Build.0 = Debug|x64
		{14428AE3-D75A-4FE7-B6C5-FEA9F3A5F6D3}.Debug|x86.ActiveCfg = Debug|Any CPU
		{14428AE3-D75A-4FE7-B6C5-FEA9F3A5F6D3}.Release|Any CPU.ActiveCfg = Release|Any CPU
		{14428AE3-D75A-4FE7-B6C5-FEA9F3A5F6D3}.Release|Any CPU.Build.0 = Release|Any CPU
		{14428AE3-D75A-4FE7-B6C5-FEA9F3A5F6D3}.Release|Mixed Platforms.ActiveCfg = Release|Any CPU
		{14428AE3-D75A-4FE7-B6C5-FEA9F3A5F6D3}.Release|Mixed Platforms.Build.0 = Release|Any CPU
		{14428AE3-D75A-4FE7-B6C5-FEA9F3A5F6D3}.Release|Win32.ActiveCfg = Release|Any CPU
		{14428AE3-D75A-4FE7-B6C5-FEA9F3A5F6D3}.Release|x64.ActiveCfg = Release|x64
		{14428AE3-D75A-4FE7-B6C5-FEA9F3A5F6D3}.Release|x64.Build.0 = Release|x64
		{14428AE3-D75A-4FE7-B6C5-FEA9F3A5F6D3}.Release|x86.ActiveCfg = Release|Any CPU
		{DE95DF77-A682-4EA5-B22A-7D8F50EE8FD0}.Debug|Any CPU.ActiveCfg = Debug|Any CPU
		{DE95DF77-A682-4EA5-B22A-7D8F50EE8FD0}.Debug|Any CPU.Build.0 = Debug|Any CPU
		{DE95DF77-A682-4EA5-B22A-7D8F50EE8FD0}.Debug|Mixed Platforms.ActiveCfg = Debug|Any CPU
		{DE95DF77-A682-4EA5-B22A-7D8F50EE8FD0}.Debug|Mixed Platforms.Build.0 = Debug|Any CPU
		{DE95DF77-A682-4EA5-B22A-7D8F50EE8FD0}.Debug|Win32.ActiveCfg = Debug|Any CPU
		{DE95DF77-A682-4EA5-B22A-7D8F50EE8FD0}.Debug|x64.ActiveCfg = Debug|x64
		{DE95DF77-A682-4EA5-B22A-7D8F50EE8FD0}.Debug|x64.Build.0 = Debug|x64
		{DE95DF77-A682-4EA5-B22A-7D8F50EE8FD0}.Debug|x86.ActiveCfg = Debug|Any CPU
		{DE95DF77-A682-4EA5-B22A-7D8F50EE8FD0}.Release|Any CPU.ActiveCfg = Release|Any CPU
		{DE95DF77-A682-4EA5-B22A-7D8F50EE8FD0}.Release|Any CPU.Build.0 = Release|Any CPU
		{DE95DF77-A682-4EA5-B22A-7D8F50EE8FD0}.Release|Mixed Platforms.ActiveCfg = Release|Any CPU
		{DE95DF77-A682-4EA5-B22A-7D8F50EE8FD0}.Release|Mixed Platforms.Build.0 = Release|Any CPU
		{DE95DF77-A682-4EA5-B22A-7D8F50EE8FD0}.Release|Win32.ActiveCfg = Release|Any CPU
		{DE95DF77-A682-4EA5-B22A-7D8F50EE8FD0}.Release|x64.ActiveCfg = Release|x64
		{DE95DF77-A682-4EA5-B22A-7D8F50EE8FD0}.Release|x64.Build.0 = Release|x64
		{DE95DF77-A682-4EA5-B22A-7D8F50EE8FD0}.Release|x86.ActiveCfg = Release|Any CPU
		{2A72B910-F7C2-463E-B047-E9F0C1C31356}.Debug|Any CPU.ActiveCfg = Debug|Any CPU
		{2A72B910-F7C2-463E-B047-E9F0C1C31356}.Debug|Any CPU.Build.0 = Debug|Any CPU
		{2A72B910-F7C2-463E-B047-E9F0C1C31356}.Debug|Mixed Platforms.ActiveCfg = Debug|Any CPU
		{2A72B910-F7C2-463E-B047-E9F0C1C31356}.Debug|Mixed Platforms.Build.0 = Debug|Any CPU
		{2A72B910-F7C2-463E-B047-E9F0C1C31356}.Debug|Win32.ActiveCfg = Debug|Any CPU
		{2A72B910-F7C2-463E-B047-E9F0C1C31356}.Debug|x64.ActiveCfg = Debug|x64
		{2A72B910-F7C2-463E-B047-E9F0C1C31356}.Debug|x64.Build.0 = Debug|x64
		{2A72B910-F7C2-463E-B047-E9F0C1C31356}.Debug|x86.ActiveCfg = Debug|Any CPU
		{2A72B910-F7C2-463E-B047-E9F0C1C31356}.Release|Any CPU.ActiveCfg = Release|Any CPU
		{2A72B910-F7C2-463E-B047-E9F0C1C31356}.Release|Any CPU.Build.0 = Release|Any CPU
		{2A72B910-F7C2-463E-B047-E9F0C1C31356}.Release|Mixed Platforms.ActiveCfg = Release|Any CPU
		{2A72B910-F7C2-463E-B047-E9F0C1C31356}.Release|Mixed Platforms.Build.0 = Release|Any CPU
		{2A72B910-F7C2-463E-B047-E9F0C1C31356}.Release|Win32.ActiveCfg = Release|Any CPU
		{2A72B910-F7C2-463E-B047-E9F0C1C31356}.Release|x64.ActiveCfg = Release|x64
		{2A72B910-F7C2-463E-B047-E9F0C1C31356}.Release|x64.Build.0 = Release|x64
		{2A72B910-F7C2-463E-B047-E9F0C1C31356}.Release|x86.ActiveCfg = Release|Any CPU
		{B65EB5F2-A554-4CF8-89D2-E99CD1E61C53}.Debug|Any CPU.ActiveCfg = Debug|Any CPU
		{B65EB5F2-A554-4CF8-89D2-E99CD1E61C53}.Debug|Any CPU.Build.0 = Debug|Any CPU
		{B65EB5F2-A554-4CF8-89D2-E99CD1E61C53}.Debug|Mixed Platforms.ActiveCfg = Debug|Any CPU
		{B65EB5F2-A554-4CF8-89D2-E99CD1E61C53}.Debug|Mixed Platforms.Build.0 = Debug|Any CPU
		{B65EB5F2-A554-4CF8-89D2-E99CD1E61C53}.Debug|Win32.ActiveCfg = Debug|Any CPU
		{B65EB5F2-A554-4CF8-89D2-E99CD1E61C53}.Debug|x64.ActiveCfg = Debug|x64
		{B65EB5F2-A554-4CF8-89D2-E99CD1E61C53}.Debug|x64.Build.0 = Debug|x64
		{B65EB5F2-A554-4CF8-89D2-E99CD1E61C53}.Debug|x86.ActiveCfg = Debug|Any CPU
		{B65EB5F2-A554-4CF8-89D2-E99CD1E61C53}.Release|Any CPU.ActiveCfg = Release|Any CPU
		{B65EB5F2-A554-4CF8-89D2-E99CD1E61C53}.Release|Any CPU.Build.0 = Release|Any CPU
		{B65EB5F2-A554-4CF8-89D2-E99CD1E61C53}.Release|Mixed Platforms.ActiveCfg = Release|Any CPU
		{B65EB5F2-A554-4CF8-89D2-E99CD1E61C53}.Release|Mixed Platforms.Build.0 = Release|Any CPU
		{B65EB5F2-A554-4CF8-89D2-E99CD1E61C53}.Release|Win32.ActiveCfg = Release|Any CPU
		{B65EB5F2-A554-4CF8-89D2-E99CD1E61C53}.Release|x64.ActiveCfg = Release|x64
		{B65EB5F2-A554-4CF8-89D2-E99CD1E61C53}.Release|x64.Build.0 = Release|x64
		{B65EB5F2-A554-4CF8-89D2-E99CD1E61C53}.Release|x86.ActiveCfg = Release|Any CPU
		{8CCEB808-33F5-4F95-B70B-1FDB3A56401C}.Debug|Any CPU.ActiveCfg = Debug|Any CPU
		{8CCEB808-33F5-4F95-B70B-1FDB3A56401C}.Debug|Any CPU.Build.0 = Debug|Any CPU
		{8CCEB808-33F5-4F95-B70B-1FDB3A56401C}.Debug|Mixed Platforms.ActiveCfg = Debug|Any CPU
		{8CCEB808-33F5-4F95-B70B-1FDB3A56401C}.Debug|Mixed Platforms.Build.0 = Debug|Any CPU
		{8CCEB808-33F5-4F95-B70B-1FDB3A56401C}.Debug|Win32.ActiveCfg = Debug|Any CPU
		{8CCEB808-33F5-4F95-B70B-1FDB3A56401C}.Debug|x64.ActiveCfg = Debug|x64
		{8CCEB808-33F5-4F95-B70B-1FDB3A56401C}.Debug|x64.Build.0 = Debug|x64
		{8CCEB808-33F5-4F95-B70B-1FDB3A56401C}.Debug|x86.ActiveCfg = Debug|Any CPU
		{8CCEB808-33F5-4F95-B70B-1FDB3A56401C}.Release|Any CPU.ActiveCfg = Release|Any CPU
		{8CCEB808-33F5-4F95-B70B-1FDB3A56401C}.Release|Any CPU.Build.0 = Release|Any CPU
		{8CCEB808-33F5-4F95-B70B-1FDB3A56401C}.Release|Mixed Platforms.ActiveCfg = Release|Any CPU
		{8CCEB808-33F5-4F95-B70B-1FDB3A56401C}.Release|Mixed Platforms.Build.0 = Release|Any CPU
		{8CCEB808-33F5-4F95-B70B-1FDB3A56401C}.Release|Win32.ActiveCfg = Release|Any CPU
		{8CCEB808-33F5-4F95-B70B-1FDB3A56401C}.Release|x64.ActiveCfg = Release|x64
		{8CCEB808-33F5-4F95-B70B-1FDB3A56401C}.Release|x64.Build.0 = Release|x64
		{8CCEB808-33F5-4F95-B70B-1FDB3A56401C}.Release|x86.ActiveCfg = Release|Any CPU
		{4A9532ED-7FFF-4514-B0C5-AF93CF5CD457}.Debug|Any CPU.ActiveCfg = Debug|Any CPU
		{4A9532ED-7FFF-4514-B0C5-AF93CF5CD457}.Debug|Any CPU.Build.0 = Debug|Any CPU
		{4A9532ED-7FFF-4514-B0C5-AF93CF5CD457}.Debug|Mixed Platforms.ActiveCfg = Debug|Any CPU
		{4A9532ED-7FFF-4514-B0C5-AF93CF5CD457}.Debug|Mixed Platforms.Build.0 = Debug|Any CPU
		{4A9532ED-7FFF-4514-B0C5-AF93CF5CD457}.Debug|Win32.ActiveCfg = Debug|Any CPU
		{4A9532ED-7FFF-4514-B0C5-AF93CF5CD457}.Debug|x64.ActiveCfg = Debug|x64
		{4A9532ED-7FFF-4514-B0C5-AF93CF5CD457}.Debug|x64.Build.0 = Debug|x64
		{4A9532ED-7FFF-4514-B0C5-AF93CF5CD457}.Debug|x86.ActiveCfg = Debug|Any CPU
		{4A9532ED-7FFF-4514-B0C5-AF93CF5CD457}.Release|Any CPU.ActiveCfg = Release|Any CPU
		{4A9532ED-7FFF-4514-B0C5-AF93CF5CD457}.Release|Any CPU.Build.0 = Release|Any CPU
		{4A9532ED-7FFF-4514-B0C5-AF93CF5CD457}.Release|Mixed Platforms.ActiveCfg = Release|Any CPU
		{4A9532ED-7FFF-4514-B0C5-AF93CF5CD457}.Release|Mixed Platforms.Build.0 = Release|Any CPU
		{4A9532ED-7FFF-4514-B0C5-AF93CF5CD457}.Release|Win32.ActiveCfg = Release|Any CPU
		{4A9532ED-7FFF-4514-B0C5-AF93CF5CD457}.Release|x64.ActiveCfg = Release|x64
		{4A9532ED-7FFF-4514-B0C5-AF93CF5CD457}.Release|x64.Build.0 = Release|x64
		{4A9532ED-7FFF-4514-B0C5-AF93CF5CD457}.Release|x86.ActiveCfg = Release|Any CPU
		{5C14EC96-4B2D-4BC0-AD6E-CA3558BDE50B}.Debug|Any CPU.ActiveCfg = Debug|Any CPU
		{5C14EC96-4B2D-4BC0-AD6E-CA3558BDE50B}.Debug|Any CPU.Build.0 = Debug|Any CPU
		{5C14EC96-4B2D-4BC0-AD6E-CA3558BDE50B}.Debug|Mixed Platforms.ActiveCfg = Debug|Any CPU
		{5C14EC96-4B2D-4BC0-AD6E-CA3558BDE50B}.Debug|Mixed Platforms.Build.0 = Debug|Any CPU
		{5C14EC96-4B2D-4BC0-AD6E-CA3558BDE50B}.Debug|Win32.ActiveCfg = Debug|Any CPU
		{5C14EC96-4B2D-4BC0-AD6E-CA3558BDE50B}.Debug|x64.ActiveCfg = Debug|x64
		{5C14EC96-4B2D-4BC0-AD6E-CA3558BDE50B}.Debug|x64.Build.0 = Debug|x64
		{5C14EC96-4B2D-4BC0-AD6E-CA3558BDE50B}.Debug|x86.ActiveCfg = Debug|Any CPU
		{5C14EC96-4B2D-4BC0-AD6E-CA3558BDE50B}.Release|Any CPU.ActiveCfg = Release|Any CPU
		{5C14EC96-4B2D-4BC0-AD6E-CA3558BDE50B}.Release|Any CPU.Build.0 = Release|Any CPU
		{5C14EC96-4B2D-4BC0-AD6E-CA3558BDE50B}.Release|Mixed Platforms.ActiveCfg = Release|Any CPU
		{5C14EC96-4B2D-4BC0-AD6E-CA3558BDE50B}.Release|Mixed Platforms.Build.0 = Release|Any CPU
		{5C14EC96-4B2D-4BC0-AD6E-CA3558BDE50B}.Release|Win32.ActiveCfg = Release|Any CPU
		{5C14EC96-4B2D-4BC0-AD6E-CA3558BDE50B}.Release|x64.ActiveCfg = Release|x64
		{5C14EC96-4B2D-4BC0-AD6E-CA3558BDE50B}.Release|x64.Build.0 = Release|x64
		{5C14EC96-4B2D-4BC0-AD6E-CA3558BDE50B}.Release|x86.ActiveCfg = Release|Any CPU
		{DBE481B0-78D3-4ACE-9407-9BB9ED809F24}.Debug|Any CPU.ActiveCfg = Debug|Any CPU
		{DBE481B0-78D3-4ACE-9407-9BB9ED809F24}.Debug|Any CPU.Build.0 = Debug|Any CPU
		{DBE481B0-78D3-4ACE-9407-9BB9ED809F24}.Debug|Mixed Platforms.ActiveCfg = Debug|Any CPU
		{DBE481B0-78D3-4ACE-9407-9BB9ED809F24}.Debug|Mixed Platforms.Build.0 = Debug|Any CPU
		{DBE481B0-78D3-4ACE-9407-9BB9ED809F24}.Debug|Win32.ActiveCfg = Debug|Any CPU
		{DBE481B0-78D3-4ACE-9407-9BB9ED809F24}.Debug|x64.ActiveCfg = Debug|x64
		{DBE481B0-78D3-4ACE-9407-9BB9ED809F24}.Debug|x64.Build.0 = Debug|x64
		{DBE481B0-78D3-4ACE-9407-9BB9ED809F24}.Debug|x86.ActiveCfg = Debug|Any CPU
		{DBE481B0-78D3-4ACE-9407-9BB9ED809F24}.Release|Any CPU.ActiveCfg = Release|Any CPU
		{DBE481B0-78D3-4ACE-9407-9BB9ED809F24}.Release|Any CPU.Build.0 = Release|Any CPU
		{DBE481B0-78D3-4ACE-9407-9BB9ED809F24}.Release|Mixed Platforms.ActiveCfg = Release|Any CPU
		{DBE481B0-78D3-4ACE-9407-9BB9ED809F24}.Release|Mixed Platforms.Build.0 = Release|Any CPU
		{DBE481B0-78D3-4ACE-9407-9BB9ED809F24}.Release|Win32.ActiveCfg = Release|Any CPU
		{DBE481B0-78D3-4ACE-9407-9BB9ED809F24}.Release|x64.ActiveCfg = Release|x64
		{DBE481B0-78D3-4ACE-9407-9BB9ED809F24}.Release|x64.Build.0 = Release|x64
		{DBE481B0-78D3-4ACE-9407-9BB9ED809F24}.Release|x86.ActiveCfg = Release|Any CPU
		{F05A56FF-E99F-4D62-9827-DBEB8FB15DAB}.Debug|Any CPU.ActiveCfg = Debug|Any CPU
		{F05A56FF-E99F-4D62-9827-DBEB8FB15DAB}.Debug|Any CPU.Build.0 = Debug|Any CPU
		{F05A56FF-E99F-4D62-9827-DBEB8FB15DAB}.Debug|Mixed Platforms.ActiveCfg = Debug|Any CPU
		{F05A56FF-E99F-4D62-9827-DBEB8FB15DAB}.Debug|Mixed Platforms.Build.0 = Debug|Any CPU
		{F05A56FF-E99F-4D62-9827-DBEB8FB15DAB}.Debug|Win32.ActiveCfg = Debug|Any CPU
		{F05A56FF-E99F-4D62-9827-DBEB8FB15DAB}.Debug|x64.ActiveCfg = Debug|x64
		{F05A56FF-E99F-4D62-9827-DBEB8FB15DAB}.Debug|x64.Build.0 = Debug|x64
		{F05A56FF-E99F-4D62-9827-DBEB8FB15DAB}.Debug|x86.ActiveCfg = Debug|Any CPU
		{F05A56FF-E99F-4D62-9827-DBEB8FB15DAB}.Release|Any CPU.ActiveCfg = Release|Any CPU
		{F05A56FF-E99F-4D62-9827-DBEB8FB15DAB}.Release|Any CPU.Build.0 = Release|Any CPU
		{F05A56FF-E99F-4D62-9827-DBEB8FB15DAB}.Release|Mixed Platforms.ActiveCfg = Release|Any CPU
		{F05A56FF-E99F-4D62-9827-DBEB8FB15DAB}.Release|Mixed Platforms.Build.0 = Release|Any CPU
		{F05A56FF-E99F-4D62-9827-DBEB8FB15DAB}.Release|Win32.ActiveCfg = Release|Any CPU
		{F05A56FF-E99F-4D62-9827-DBEB8FB15DAB}.Release|x64.ActiveCfg = Release|x64
		{F05A56FF-E99F-4D62-9827-DBEB8FB15DAB}.Release|x64.Build.0 = Release|x64
		{F05A56FF-E99F-4D62-9827-DBEB8FB15DAB}.Release|x86.ActiveCfg = Release|Any CPU
		{EB849749-982C-403C-8B2C-A66389CDBE7D}.Debug|Any CPU.ActiveCfg = Debug|Any CPU
		{EB849749-982C-403C-8B2C-A66389CDBE7D}.Debug|Any CPU.Build.0 = Debug|Any CPU
		{EB849749-982C-403C-8B2C-A66389CDBE7D}.Debug|Mixed Platforms.ActiveCfg = Debug|Any CPU
		{EB849749-982C-403C-8B2C-A66389CDBE7D}.Debug|Mixed Platforms.Build.0 = Debug|Any CPU
		{EB849749-982C-403C-8B2C-A66389CDBE7D}.Debug|Win32.ActiveCfg = Debug|Any CPU
		{EB849749-982C-403C-8B2C-A66389CDBE7D}.Debug|Win32.Build.0 = Debug|Any CPU
		{EB849749-982C-403C-8B2C-A66389CDBE7D}.Debug|x64.ActiveCfg = Debug|x64
		{EB849749-982C-403C-8B2C-A66389CDBE7D}.Debug|x64.Build.0 = Debug|x64
		{EB849749-982C-403C-8B2C-A66389CDBE7D}.Debug|x86.ActiveCfg = Debug|Any CPU
		{EB849749-982C-403C-8B2C-A66389CDBE7D}.Debug|x86.Build.0 = Debug|Any CPU
		{EB849749-982C-403C-8B2C-A66389CDBE7D}.Release|Any CPU.ActiveCfg = Release|Any CPU
		{EB849749-982C-403C-8B2C-A66389CDBE7D}.Release|Any CPU.Build.0 = Release|Any CPU
		{EB849749-982C-403C-8B2C-A66389CDBE7D}.Release|Mixed Platforms.ActiveCfg = Release|Any CPU
		{EB849749-982C-403C-8B2C-A66389CDBE7D}.Release|Mixed Platforms.Build.0 = Release|Any CPU
		{EB849749-982C-403C-8B2C-A66389CDBE7D}.Release|Win32.ActiveCfg = Release|Any CPU
		{EB849749-982C-403C-8B2C-A66389CDBE7D}.Release|Win32.Build.0 = Release|Any CPU
		{EB849749-982C-403C-8B2C-A66389CDBE7D}.Release|x64.ActiveCfg = Release|x64
		{EB849749-982C-403C-8B2C-A66389CDBE7D}.Release|x64.Build.0 = Release|x64
		{EB849749-982C-403C-8B2C-A66389CDBE7D}.Release|x86.ActiveCfg = Release|Any CPU
		{EB849749-982C-403C-8B2C-A66389CDBE7D}.Release|x86.Build.0 = Release|Any CPU
		{E3A21E32-36AD-45BA-A1C1-068E697DEC0D}.Debug|Any CPU.ActiveCfg = Debug|Any CPU
		{E3A21E32-36AD-45BA-A1C1-068E697DEC0D}.Debug|Any CPU.Build.0 = Debug|Any CPU
		{E3A21E32-36AD-45BA-A1C1-068E697DEC0D}.Debug|Mixed Platforms.ActiveCfg = Debug|Any CPU
		{E3A21E32-36AD-45BA-A1C1-068E697DEC0D}.Debug|Mixed Platforms.Build.0 = Debug|Any CPU
		{E3A21E32-36AD-45BA-A1C1-068E697DEC0D}.Debug|Win32.ActiveCfg = Debug|Any CPU
		{E3A21E32-36AD-45BA-A1C1-068E697DEC0D}.Debug|Win32.Build.0 = Debug|Any CPU
		{E3A21E32-36AD-45BA-A1C1-068E697DEC0D}.Debug|x64.ActiveCfg = Debug|x64
		{E3A21E32-36AD-45BA-A1C1-068E697DEC0D}.Debug|x64.Build.0 = Debug|x64
		{E3A21E32-36AD-45BA-A1C1-068E697DEC0D}.Debug|x86.ActiveCfg = Debug|Any CPU
		{E3A21E32-36AD-45BA-A1C1-068E697DEC0D}.Debug|x86.Build.0 = Debug|Any CPU
		{E3A21E32-36AD-45BA-A1C1-068E697DEC0D}.Release|Any CPU.ActiveCfg = Release|Any CPU
		{E3A21E32-36AD-45BA-A1C1-068E697DEC0D}.Release|Any CPU.Build.0 = Release|Any CPU
		{E3A21E32-36AD-45BA-A1C1-068E697DEC0D}.Release|Mixed Platforms.ActiveCfg = Release|Any CPU
		{E3A21E32-36AD-45BA-A1C1-068E697DEC0D}.Release|Mixed Platforms.Build.0 = Release|Any CPU
		{E3A21E32-36AD-45BA-A1C1-068E697DEC0D}.Release|Win32.ActiveCfg = Release|Any CPU
		{E3A21E32-36AD-45BA-A1C1-068E697DEC0D}.Release|Win32.Build.0 = Release|Any CPU
		{E3A21E32-36AD-45BA-A1C1-068E697DEC0D}.Release|x64.ActiveCfg = Release|x64
		{E3A21E32-36AD-45BA-A1C1-068E697DEC0D}.Release|x64.Build.0 = Release|x64
		{E3A21E32-36AD-45BA-A1C1-068E697DEC0D}.Release|x86.ActiveCfg = Release|Any CPU
		{E3A21E32-36AD-45BA-A1C1-068E697DEC0D}.Release|x86.Build.0 = Release|Any CPU
	EndGlobalSection
	GlobalSection(SolutionProperties) = preSolution
		HideSolutionNode = FALSE
	EndGlobalSection
EndGlobal
